{
  "nodes": {
    "nixpkgs": {
      "locked": {
        "lastModified": 1759050422,
        "narHash": "sha256-siltmm32GiEVJ35Xd61linvXPyZXStRWJ3QC0K4Q3ec=",
        "owner": "NixOS",
        "repo": "nixpkgs",
        "rev": "ca40fe77e621d237f5aeaa1c2accf635c4a2ad39",
        "type": "github"
      },
      "original": {
        "owner": "NixOS",
        "repo": "nixpkgs",
        "type": "github"
      }
    },
    "root": {
      "inputs": {
        "nixpkgs": "nixpkgs"
      }
    }
  },
  "root": "root",
  "version": 7
}
