{
  "nodes": {
    "nixpkgs": {
      "locked": {
        "lastModified": 1737888682,
        "narHash": "sha256-amMBG818qvR1x7o1HHMk0gRRrKCVlpgUk7t19vVlIXc=",
        "owner": "NixOS",
        "repo": "nixpkgs",
        "rev": "4543152c95365f02a8aeba60931bd1ed434aed98",
        "type": "github"
      },
      "original": {
        "owner": "NixOS",
        "repo": "nixpkgs",
        "type": "github"
      }
    },
    "root": {
      "inputs": {
        "nixpkgs": "nixpkgs"
      }
    }
  },
  "root": "root",
  "version": 7
}
